// !$*UTF8*$!
{
	archiveVersion = 1;
	classes = {
	};
	objectVersion = 52;
	objects = {

/* Begin PBXBuildFile section */
		D83CA8D6275F986B006B4E32 /* AppDelegate.swift in Sources */ = {isa = PBXBuildFile; fileRef = D83CA8D5275F986B006B4E32 /* AppDelegate.swift */; };
		D83CA8D8275F986B006B4E32 /* SceneDelegate.swift in Sources */ = {isa = PBXBuildFile; fileRef = D83CA8D7275F986B006B4E32 /* SceneDelegate.swift */; };
		D83CA8E0275F986B006B4E32 /* CitiesDB.xcdatamodeld in Sources */ = {isa = PBXBuildFile; fileRef = D83CA8DE275F986B006B4E32 /* CitiesDB.xcdatamodeld */; };
		D83CA8E2275F986D006B4E32 /* Assets.xcassets in Resources */ = {isa = PBXBuildFile; fileRef = D83CA8E1275F986D006B4E32 /* Assets.xcassets */; };
		D83CA8E5275F986D006B4E32 /* LaunchScreen.storyboard in Resources */ = {isa = PBXBuildFile; fileRef = D83CA8E3275F986D006B4E32 /* LaunchScreen.storyboard */; };
		D83CA8F0275F986E006B4E32 /* CitiesDBTests.swift in Sources */ = {isa = PBXBuildFile; fileRef = D83CA8EF275F986E006B4E32 /* CitiesDBTests.swift */; };
		D83CA8FB275F986E006B4E32 /* CitiesDBUITests.swift in Sources */ = {isa = PBXBuildFile; fileRef = D83CA8FA275F986E006B4E32 /* CitiesDBUITests.swift */; };
		D83CA90E275F9AC3006B4E32 /* HomeViewBuilder.swift in Sources */ = {isa = PBXBuildFile; fileRef = D83CA90B275F9AC3006B4E32 /* HomeViewBuilder.swift */; };
		D83CA90F275F9AC3006B4E32 /* HomeViewController.swift in Sources */ = {isa = PBXBuildFile; fileRef = D83CA90C275F9AC3006B4E32 /* HomeViewController.swift */; };
		D83CA910275F9AC3006B4E32 /* HomeViewModel.swift in Sources */ = {isa = PBXBuildFile; fileRef = D83CA90D275F9AC3006B4E32 /* HomeViewModel.swift */; };
		D83CA913275F9B50006B4E32 /* BaseComponents in Frameworks */ = {isa = PBXBuildFile; productRef = D83CA912275F9B50006B4E32 /* BaseComponents */; };
		D83CA916275F9B62006B4E32 /* DefaultNetworkOperationPackage in Frameworks */ = {isa = PBXBuildFile; productRef = D83CA915275F9B62006B4E32 /* DefaultNetworkOperationPackage */; };
		D83CA91E275F9CB2006B4E32 /* CitiesDataRequestModel.swift in Sources */ = {isa = PBXBuildFile; fileRef = D83CA91D275F9CB2006B4E32 /* CitiesDataRequestModel.swift */; };
		D83CA920275F9CB6006B4E32 /* CitiesDataResponse.swift in Sources */ = {isa = PBXBuildFile; fileRef = D83CA91F275F9CB6006B4E32 /* CitiesDataResponse.swift */; };
		D83CA923275F9CC3006B4E32 /* CitiesServiceProvider.swift in Sources */ = {isa = PBXBuildFile; fileRef = D83CA922275F9CC3006B4E32 /* CitiesServiceProvider.swift */; };
		D83CA927275F9CDD006B4E32 /* EndpointManager.swift in Sources */ = {isa = PBXBuildFile; fileRef = D83CA926275F9CDD006B4E32 /* EndpointManager.swift */; };
		D83CA92B275FA6DC006B4E32 /* CustomImageViewComponentData.swift in Sources */ = {isa = PBXBuildFile; fileRef = D83CA92A275FA6DC006B4E32 /* CustomImageViewComponentData.swift */; };
		D83CA92D275FA6F5006B4E32 /* CustomImageViewComponent.swift in Sources */ = {isa = PBXBuildFile; fileRef = D83CA92C275FA6F5006B4E32 /* CustomImageViewComponent.swift */; };
		D83CA92F275FA70F006B4E32 /* CustomImageViewComponentContainer.swift in Sources */ = {isa = PBXBuildFile; fileRef = D83CA92E275FA70F006B4E32 /* CustomImageViewComponentContainer.swift */; };
		D83CA934275FA7BA006B4E32 /* CollectionDisplayerView.swift in Sources */ = {isa = PBXBuildFile; fileRef = D83CA933275FA7BA006B4E32 /* CollectionDisplayerView.swift */; };
		D83CA936275FA7CD006B4E32 /* CollectionDisplayerViewData.swift in Sources */ = {isa = PBXBuildFile; fileRef = D83CA935275FA7CD006B4E32 /* CollectionDisplayerViewData.swift */; };
		D83CA938275FA85F006B4E32 /* MainCollectionViewCell.swift in Sources */ = {isa = PBXBuildFile; fileRef = D83CA937275FA85F006B4E32 /* MainCollectionViewCell.swift */; };
		D83CA93B275FA894006B4E32 /* MainCollectionViewData.swift in Sources */ = {isa = PBXBuildFile; fileRef = D83CA93A275FA894006B4E32 /* MainCollectionViewData.swift */; };
		D83CA93D275FA8B4006B4E32 /* MainCollectionView.swift in Sources */ = {isa = PBXBuildFile; fileRef = D83CA93C275FA8B4006B4E32 /* MainCollectionView.swift */; };
		D83CA940275FA92F006B4E32 /* LoadingCell.swift in Sources */ = {isa = PBXBuildFile; fileRef = D83CA93F275FA92F006B4E32 /* LoadingCell.swift */; };
		D83CA943275FA994006B4E32 /* DataProviderProtocol.swift in Sources */ = {isa = PBXBuildFile; fileRef = D83CA942275FA994006B4E32 /* DataProviderProtocol.swift */; };
		D83CA946275FA9B9006B4E32 /* UIView+Extension.swift in Sources */ = {isa = PBXBuildFile; fileRef = D83CA945275FA9B9006B4E32 /* UIView+Extension.swift */; };
		D83CA949275FA9F7006B4E32 /* ImageCacheManager.swift in Sources */ = {isa = PBXBuildFile; fileRef = D83CA948275FA9F7006B4E32 /* ImageCacheManager.swift */; };
		D83CA94B275FAC2E006B4E32 /* HomeViewDataFormatterProtocol.swift in Sources */ = {isa = PBXBuildFile; fileRef = D83CA94A275FAC2E006B4E32 /* HomeViewDataFormatterProtocol.swift */; };
		D83CA94E275FAC68006B4E32 /* PaginationInfo.swift in Sources */ = {isa = PBXBuildFile; fileRef = D83CA94D275FAC68006B4E32 /* PaginationInfo.swift */; };
		D83CA950275FAC9E006B4E32 /* HomeViewDataFormatter.swift in Sources */ = {isa = PBXBuildFile; fileRef = D83CA94F275FAC9E006B4E32 /* HomeViewDataFormatter.swift */; };
		D83CA953276290EB006B4E32 /* CountriesRequestModel.swift in Sources */ = {isa = PBXBuildFile; fileRef = D83CA952276290EB006B4E32 /* CountriesRequestModel.swift */; };
		D83CA95527629235006B4E32 /* CountriesDataResponse.swift in Sources */ = {isa = PBXBuildFile; fileRef = D83CA95427629235006B4E32 /* CountriesDataResponse.swift */; };
		D83CA95827629C5A006B4E32 /* CountriesServiceProvider.swift in Sources */ = {isa = PBXBuildFile; fileRef = D83CA95727629C5A006B4E32 /* CountriesServiceProvider.swift */; };
		D83CA9642762A23F006B4E32 /* DetailViewBuilder.swift in Sources */ = {isa = PBXBuildFile; fileRef = D83CA9612762A23F006B4E32 /* DetailViewBuilder.swift */; };
		D83CA9652762A23F006B4E32 /* DetailViewController.swift in Sources */ = {isa = PBXBuildFile; fileRef = D83CA9622762A23F006B4E32 /* DetailViewController.swift */; };
		D83CA9662762A23F006B4E32 /* DetailViewModel.swift in Sources */ = {isa = PBXBuildFile; fileRef = D83CA9632762A23F006B4E32 /* DetailViewModel.swift */; };
		D83CA9702762A317006B4E32 /* DetailView.swift in Sources */ = {isa = PBXBuildFile; fileRef = D83CA96F2762A317006B4E32 /* DetailView.swift */; };
		D83CA9722762A31C006B4E32 /* DetailViewData.swift in Sources */ = {isa = PBXBuildFile; fileRef = D83CA9712762A31C006B4E32 /* DetailViewData.swift */; };
		D83CA9752762A5E0006B4E32 /* DetailViewDataFormatter.swift in Sources */ = {isa = PBXBuildFile; fileRef = D83CA9742762A5E0006B4E32 /* DetailViewDataFormatter.swift */; };
		D83CA9772762A745006B4E32 /* CountryDetailResponse.swift in Sources */ = {isa = PBXBuildFile; fileRef = D83CA9762762A745006B4E32 /* CountryDetailResponse.swift */; };
		D83CA9792762A78A006B4E32 /* CountryDetailRequest.swift in Sources */ = {isa = PBXBuildFile; fileRef = D83CA9782762A78A006B4E32 /* CountryDetailRequest.swift */; };
		D83CA97B2762A7E8006B4E32 /* CountryDetailServiceProvider.swift in Sources */ = {isa = PBXBuildFile; fileRef = D83CA97A2762A7E8006B4E32 /* CountryDetailServiceProvider.swift */; };
		D83CA97D2762B441006B4E32 /* DetailViewDataFormatterProtocol.swift in Sources */ = {isa = PBXBuildFile; fileRef = D83CA97C2762B441006B4E32 /* DetailViewDataFormatterProtocol.swift */; };
/* End PBXBuildFile section */

/* Begin PBXContainerItemProxy section */
		D83CA8EC275F986E006B4E32 /* PBXContainerItemProxy */ = {
			isa = PBXContainerItemProxy;
			containerPortal = D83CA8CA275F986B006B4E32 /* Project object */;
			proxyType = 1;
			remoteGlobalIDString = D83CA8D1275F986B006B4E32;
			remoteInfo = CitiesDB;
		};
		D83CA8F7275F986E006B4E32 /* PBXContainerItemProxy */ = {
			isa = PBXContainerItemProxy;
			containerPortal = D83CA8CA275F986B006B4E32 /* Project object */;
			proxyType = 1;
			remoteGlobalIDString = D83CA8D1275F986B006B4E32;
			remoteInfo = CitiesDB;
		};
/* End PBXContainerItemProxy section */

/* Begin PBXFileReference section */
		D83CA8D2275F986B006B4E32 /* CitiesDB.app */ = {isa = PBXFileReference; explicitFileType = wrapper.application; includeInIndex = 0; path = CitiesDB.app; sourceTree = BUILT_PRODUCTS_DIR; };
		D83CA8D5275F986B006B4E32 /* AppDelegate.swift */ = {isa = PBXFileReference; lastKnownFileType = sourcecode.swift; path = AppDelegate.swift; sourceTree = "<group>"; };
		D83CA8D7275F986B006B4E32 /* SceneDelegate.swift */ = {isa = PBXFileReference; lastKnownFileType = sourcecode.swift; path = SceneDelegate.swift; sourceTree = "<group>"; };
		D83CA8DF275F986B006B4E32 /* CitiesDB.xcdatamodel */ = {isa = PBXFileReference; lastKnownFileType = wrapper.xcdatamodel; path = CitiesDB.xcdatamodel; sourceTree = "<group>"; };
		D83CA8E1275F986D006B4E32 /* Assets.xcassets */ = {isa = PBXFileReference; lastKnownFileType = folder.assetcatalog; path = Assets.xcassets; sourceTree = "<group>"; };
		D83CA8E4275F986D006B4E32 /* Base */ = {isa = PBXFileReference; lastKnownFileType = file.storyboard; name = Base; path = Base.lproj/LaunchScreen.storyboard; sourceTree = "<group>"; };
		D83CA8E6275F986D006B4E32 /* Info.plist */ = {isa = PBXFileReference; lastKnownFileType = text.plist.xml; path = Info.plist; sourceTree = "<group>"; };
		D83CA8EB275F986E006B4E32 /* CitiesDBTests.xctest */ = {isa = PBXFileReference; explicitFileType = wrapper.cfbundle; includeInIndex = 0; path = CitiesDBTests.xctest; sourceTree = BUILT_PRODUCTS_DIR; };
		D83CA8EF275F986E006B4E32 /* CitiesDBTests.swift */ = {isa = PBXFileReference; lastKnownFileType = sourcecode.swift; path = CitiesDBTests.swift; sourceTree = "<group>"; };
		D83CA8F1275F986E006B4E32 /* Info.plist */ = {isa = PBXFileReference; lastKnownFileType = text.plist.xml; path = Info.plist; sourceTree = "<group>"; };
		D83CA8F6275F986E006B4E32 /* CitiesDBUITests.xctest */ = {isa = PBXFileReference; explicitFileType = wrapper.cfbundle; includeInIndex = 0; path = CitiesDBUITests.xctest; sourceTree = BUILT_PRODUCTS_DIR; };
		D83CA8FA275F986E006B4E32 /* CitiesDBUITests.swift */ = {isa = PBXFileReference; lastKnownFileType = sourcecode.swift; path = CitiesDBUITests.swift; sourceTree = "<group>"; };
		D83CA8FC275F986E006B4E32 /* Info.plist */ = {isa = PBXFileReference; lastKnownFileType = text.plist.xml; path = Info.plist; sourceTree = "<group>"; };
		D83CA90B275F9AC3006B4E32 /* HomeViewBuilder.swift */ = {isa = PBXFileReference; fileEncoding = 4; lastKnownFileType = sourcecode.swift; path = HomeViewBuilder.swift; sourceTree = "<group>"; };
		D83CA90C275F9AC3006B4E32 /* HomeViewController.swift */ = {isa = PBXFileReference; fileEncoding = 4; lastKnownFileType = sourcecode.swift; path = HomeViewController.swift; sourceTree = "<group>"; };
		D83CA90D275F9AC3006B4E32 /* HomeViewModel.swift */ = {isa = PBXFileReference; fileEncoding = 4; lastKnownFileType = sourcecode.swift; path = HomeViewModel.swift; sourceTree = "<group>"; };
		D83CA91D275F9CB2006B4E32 /* CitiesDataRequestModel.swift */ = {isa = PBXFileReference; fileEncoding = 4; lastKnownFileType = sourcecode.swift; path = CitiesDataRequestModel.swift; sourceTree = "<group>"; };
		D83CA91F275F9CB6006B4E32 /* CitiesDataResponse.swift */ = {isa = PBXFileReference; fileEncoding = 4; lastKnownFileType = sourcecode.swift; path = CitiesDataResponse.swift; sourceTree = "<group>"; };
		D83CA922275F9CC3006B4E32 /* CitiesServiceProvider.swift */ = {isa = PBXFileReference; fileEncoding = 4; lastKnownFileType = sourcecode.swift; path = CitiesServiceProvider.swift; sourceTree = "<group>"; };
		D83CA926275F9CDD006B4E32 /* EndpointManager.swift */ = {isa = PBXFileReference; fileEncoding = 4; lastKnownFileType = sourcecode.swift; path = EndpointManager.swift; sourceTree = "<group>"; };
		D83CA92A275FA6DC006B4E32 /* CustomImageViewComponentData.swift */ = {isa = PBXFileReference; lastKnownFileType = sourcecode.swift; path = CustomImageViewComponentData.swift; sourceTree = "<group>"; };
		D83CA92C275FA6F5006B4E32 /* CustomImageViewComponent.swift */ = {isa = PBXFileReference; lastKnownFileType = sourcecode.swift; path = CustomImageViewComponent.swift; sourceTree = "<group>"; };
		D83CA92E275FA70F006B4E32 /* CustomImageViewComponentContainer.swift */ = {isa = PBXFileReference; lastKnownFileType = sourcecode.swift; path = CustomImageViewComponentContainer.swift; sourceTree = "<group>"; };
		D83CA933275FA7BA006B4E32 /* CollectionDisplayerView.swift */ = {isa = PBXFileReference; lastKnownFileType = sourcecode.swift; path = CollectionDisplayerView.swift; sourceTree = "<group>"; };
		D83CA935275FA7CD006B4E32 /* CollectionDisplayerViewData.swift */ = {isa = PBXFileReference; lastKnownFileType = sourcecode.swift; path = CollectionDisplayerViewData.swift; sourceTree = "<group>"; };
		D83CA937275FA85F006B4E32 /* MainCollectionViewCell.swift */ = {isa = PBXFileReference; lastKnownFileType = sourcecode.swift; path = MainCollectionViewCell.swift; sourceTree = "<group>"; };
		D83CA93A275FA894006B4E32 /* MainCollectionViewData.swift */ = {isa = PBXFileReference; lastKnownFileType = sourcecode.swift; path = MainCollectionViewData.swift; sourceTree = "<group>"; };
		D83CA93C275FA8B4006B4E32 /* MainCollectionView.swift */ = {isa = PBXFileReference; lastKnownFileType = sourcecode.swift; path = MainCollectionView.swift; sourceTree = "<group>"; };
		D83CA93F275FA92F006B4E32 /* LoadingCell.swift */ = {isa = PBXFileReference; lastKnownFileType = sourcecode.swift; path = LoadingCell.swift; sourceTree = "<group>"; };
		D83CA942275FA994006B4E32 /* DataProviderProtocol.swift */ = {isa = PBXFileReference; lastKnownFileType = sourcecode.swift; path = DataProviderProtocol.swift; sourceTree = "<group>"; };
		D83CA945275FA9B9006B4E32 /* UIView+Extension.swift */ = {isa = PBXFileReference; lastKnownFileType = sourcecode.swift; path = "UIView+Extension.swift"; sourceTree = "<group>"; };
		D83CA948275FA9F7006B4E32 /* ImageCacheManager.swift */ = {isa = PBXFileReference; lastKnownFileType = sourcecode.swift; path = ImageCacheManager.swift; sourceTree = "<group>"; };
		D83CA94A275FAC2E006B4E32 /* HomeViewDataFormatterProtocol.swift */ = {isa = PBXFileReference; lastKnownFileType = sourcecode.swift; path = HomeViewDataFormatterProtocol.swift; sourceTree = "<group>"; };
		D83CA94D275FAC68006B4E32 /* PaginationInfo.swift */ = {isa = PBXFileReference; lastKnownFileType = sourcecode.swift; path = PaginationInfo.swift; sourceTree = "<group>"; };
		D83CA94F275FAC9E006B4E32 /* HomeViewDataFormatter.swift */ = {isa = PBXFileReference; lastKnownFileType = sourcecode.swift; path = HomeViewDataFormatter.swift; sourceTree = "<group>"; };
		D83CA952276290EB006B4E32 /* CountriesRequestModel.swift */ = {isa = PBXFileReference; lastKnownFileType = sourcecode.swift; path = CountriesRequestModel.swift; sourceTree = "<group>"; };
		D83CA95427629235006B4E32 /* CountriesDataResponse.swift */ = {isa = PBXFileReference; lastKnownFileType = sourcecode.swift; path = CountriesDataResponse.swift; sourceTree = "<group>"; };
		D83CA95727629C5A006B4E32 /* CountriesServiceProvider.swift */ = {isa = PBXFileReference; lastKnownFileType = sourcecode.swift; path = CountriesServiceProvider.swift; sourceTree = "<group>"; };
		D83CA9612762A23F006B4E32 /* DetailViewBuilder.swift */ = {isa = PBXFileReference; fileEncoding = 4; lastKnownFileType = sourcecode.swift; path = DetailViewBuilder.swift; sourceTree = "<group>"; };
		D83CA9622762A23F006B4E32 /* DetailViewController.swift */ = {isa = PBXFileReference; fileEncoding = 4; lastKnownFileType = sourcecode.swift; path = DetailViewController.swift; sourceTree = "<group>"; };
		D83CA9632762A23F006B4E32 /* DetailViewModel.swift */ = {isa = PBXFileReference; fileEncoding = 4; lastKnownFileType = sourcecode.swift; path = DetailViewModel.swift; sourceTree = "<group>"; };
		D83CA96F2762A317006B4E32 /* DetailView.swift */ = {isa = PBXFileReference; lastKnownFileType = sourcecode.swift; path = DetailView.swift; sourceTree = "<group>"; };
		D83CA9712762A31C006B4E32 /* DetailViewData.swift */ = {isa = PBXFileReference; lastKnownFileType = sourcecode.swift; path = DetailViewData.swift; sourceTree = "<group>"; };
		D83CA9742762A5E0006B4E32 /* DetailViewDataFormatter.swift */ = {isa = PBXFileReference; lastKnownFileType = sourcecode.swift; path = DetailViewDataFormatter.swift; sourceTree = "<group>"; };
		D83CA9762762A745006B4E32 /* CountryDetailResponse.swift */ = {isa = PBXFileReference; lastKnownFileType = sourcecode.swift; path = CountryDetailResponse.swift; sourceTree = "<group>"; };
		D83CA9782762A78A006B4E32 /* CountryDetailRequest.swift */ = {isa = PBXFileReference; lastKnownFileType = sourcecode.swift; path = CountryDetailRequest.swift; sourceTree = "<group>"; };
		D83CA97A2762A7E8006B4E32 /* CountryDetailServiceProvider.swift */ = {isa = PBXFileReference; lastKnownFileType = sourcecode.swift; path = CountryDetailServiceProvider.swift; sourceTree = "<group>"; };
		D83CA97C2762B441006B4E32 /* DetailViewDataFormatterProtocol.swift */ = {isa = PBXFileReference; lastKnownFileType = sourcecode.swift; path = DetailViewDataFormatterProtocol.swift; sourceTree = "<group>"; };
/* End PBXFileReference section */

/* Begin PBXFrameworksBuildPhase section */
		D83CA8CF275F986B006B4E32 /* Frameworks */ = {
			isa = PBXFrameworksBuildPhase;
			buildActionMask = 2147483647;
			files = (
				D83CA916275F9B62006B4E32 /* DefaultNetworkOperationPackage in Frameworks */,
				D83CA913275F9B50006B4E32 /* BaseComponents in Frameworks */,
			);
			runOnlyForDeploymentPostprocessing = 0;
		};
		D83CA8E8275F986E006B4E32 /* Frameworks */ = {
			isa = PBXFrameworksBuildPhase;
			buildActionMask = 2147483647;
			files = (
			);
			runOnlyForDeploymentPostprocessing = 0;
		};
		D83CA8F3275F986E006B4E32 /* Frameworks */ = {
			isa = PBXFrameworksBuildPhase;
			buildActionMask = 2147483647;
			files = (
			);
			runOnlyForDeploymentPostprocessing = 0;
		};
/* End PBXFrameworksBuildPhase section */

/* Begin PBXGroup section */
		D83CA8C9275F986B006B4E32 = {
			isa = PBXGroup;
			children = (
				D83CA8D4275F986B006B4E32 /* CitiesDB */,
				D83CA8EE275F986E006B4E32 /* CitiesDBTests */,
				D83CA8F9275F986E006B4E32 /* CitiesDBUITests */,
				D83CA8D3275F986B006B4E32 /* Products */,
			);
			sourceTree = "<group>";
		};
		D83CA8D3275F986B006B4E32 /* Products */ = {
			isa = PBXGroup;
			children = (
				D83CA8D2275F986B006B4E32 /* CitiesDB.app */,
				D83CA8EB275F986E006B4E32 /* CitiesDBTests.xctest */,
				D83CA8F6275F986E006B4E32 /* CitiesDBUITests.xctest */,
			);
			name = Products;
			sourceTree = "<group>";
		};
		D83CA8D4275F986B006B4E32 /* CitiesDB */ = {
			isa = PBXGroup;
			children = (
				D83CA917275F9C1A006B4E32 /* Delegates */,
				D83CA928275FA6A3006B4E32 /* Components */,
				D83CA924275F9CCB006B4E32 /* Utilities */,
				D83CA919275F9C9B006B4E32 /* DataOps */,
				D83CA909275F9AB2006B4E32 /* Views */,
				D83CA8E1275F986D006B4E32 /* Assets.xcassets */,
				D83CA8E3275F986D006B4E32 /* LaunchScreen.storyboard */,
				D83CA8E6275F986D006B4E32 /* Info.plist */,
				D83CA8DE275F986B006B4E32 /* CitiesDB.xcdatamodeld */,
			);
			path = CitiesDB;
			sourceTree = "<group>";
		};
		D83CA8EE275F986E006B4E32 /* CitiesDBTests */ = {
			isa = PBXGroup;
			children = (
				D83CA8EF275F986E006B4E32 /* CitiesDBTests.swift */,
				D83CA8F1275F986E006B4E32 /* Info.plist */,
			);
			path = CitiesDBTests;
			sourceTree = "<group>";
		};
		D83CA8F9275F986E006B4E32 /* CitiesDBUITests */ = {
			isa = PBXGroup;
			children = (
				D83CA8FA275F986E006B4E32 /* CitiesDBUITests.swift */,
				D83CA8FC275F986E006B4E32 /* Info.plist */,
			);
			path = CitiesDBUITests;
			sourceTree = "<group>";
		};
		D83CA909275F9AB2006B4E32 /* Views */ = {
			isa = PBXGroup;
			children = (
				D83CA9602762A23F006B4E32 /* Detail */,
				D83CA90A275F9AB5006B4E32 /* Home */,
			);
			path = Views;
			sourceTree = "<group>";
		};
		D83CA90A275F9AB5006B4E32 /* Home */ = {
			isa = PBXGroup;
			children = (
				D83CA90C275F9AC3006B4E32 /* HomeViewController.swift */,
				D83CA90D275F9AC3006B4E32 /* HomeViewModel.swift */,
				D83CA94F275FAC9E006B4E32 /* HomeViewDataFormatter.swift */,
				D83CA94A275FAC2E006B4E32 /* HomeViewDataFormatterProtocol.swift */,
				D83CA90B275F9AC3006B4E32 /* HomeViewBuilder.swift */,
			);
			path = Home;
			sourceTree = "<group>";
		};
		D83CA917275F9C1A006B4E32 /* Delegates */ = {
			isa = PBXGroup;
			children = (
				D83CA8D5275F986B006B4E32 /* AppDelegate.swift */,
				D83CA8D7275F986B006B4E32 /* SceneDelegate.swift */,
			);
			path = Delegates;
			sourceTree = "<group>";
		};
		D83CA919275F9C9B006B4E32 /* DataOps */ = {
			isa = PBXGroup;
			children = (
				D83CA947275FA9EE006B4E32 /* Managers */,
				D83CA941275FA97B006B4E32 /* DataProviderProtocol */,
				D83CA921275F9CBB006B4E32 /* ServiceProviders */,
				D83CA91A275F9C9F006B4E32 /* Models */,
			);
			path = DataOps;
			sourceTree = "<group>";
		};
		D83CA91A275F9C9F006B4E32 /* Models */ = {
			isa = PBXGroup;
			children = (
				D83CA94C275FAC59006B4E32 /* PaginationInfoModel */,
				D83CA91C275F9CA7006B4E32 /* ResponseModels */,
				D83CA91B275F9CA2006B4E32 /* RequestModels */,
			);
			path = Models;
			sourceTree = "<group>";
		};
		D83CA91B275F9CA2006B4E32 /* RequestModels */ = {
			isa = PBXGroup;
			children = (
				D83CA91D275F9CB2006B4E32 /* CitiesDataRequestModel.swift */,
				D83CA952276290EB006B4E32 /* CountriesRequestModel.swift */,
				D83CA9782762A78A006B4E32 /* CountryDetailRequest.swift */,
			);
			path = RequestModels;
			sourceTree = "<group>";
		};
		D83CA91C275F9CA7006B4E32 /* ResponseModels */ = {
			isa = PBXGroup;
			children = (
				D83CA91F275F9CB6006B4E32 /* CitiesDataResponse.swift */,
				D83CA95427629235006B4E32 /* CountriesDataResponse.swift */,
				D83CA9762762A745006B4E32 /* CountryDetailResponse.swift */,
			);
			path = ResponseModels;
			sourceTree = "<group>";
		};
		D83CA921275F9CBB006B4E32 /* ServiceProviders */ = {
			isa = PBXGroup;
			children = (
				D83CA922275F9CC3006B4E32 /* CitiesServiceProvider.swift */,
				D83CA95727629C5A006B4E32 /* CountriesServiceProvider.swift */,
				D83CA97A2762A7E8006B4E32 /* CountryDetailServiceProvider.swift */,
			);
			path = ServiceProviders;
			sourceTree = "<group>";
		};
		D83CA924275F9CCB006B4E32 /* Utilities */ = {
			isa = PBXGroup;
			children = (
				D83CA944275FA9AF006B4E32 /* Extensions */,
				D83CA925275F9CD1006B4E32 /* EndpointManager */,
			);
			path = Utilities;
			sourceTree = "<group>";
		};
		D83CA925275F9CD1006B4E32 /* EndpointManager */ = {
			isa = PBXGroup;
			children = (
				D83CA926275F9CDD006B4E32 /* EndpointManager.swift */,
			);
			path = EndpointManager;
			sourceTree = "<group>";
		};
		D83CA928275FA6A3006B4E32 /* Components */ = {
			isa = PBXGroup;
			children = (
				D83CA9672762A2A5006B4E32 /* DetailViewComponents */,
				D83CA930275FA748006B4E32 /* MainCollectionViewComponents */,
				D83CA929275FA6B0006B4E32 /* CustomImageViewComponent */,
			);
			path = Components;
			sourceTree = "<group>";
		};
		D83CA929275FA6B0006B4E32 /* CustomImageViewComponent */ = {
			isa = PBXGroup;
			children = (
				D83CA92A275FA6DC006B4E32 /* CustomImageViewComponentData.swift */,
				D83CA92C275FA6F5006B4E32 /* CustomImageViewComponent.swift */,
				D83CA92E275FA70F006B4E32 /* CustomImageViewComponentContainer.swift */,
			);
			path = CustomImageViewComponent;
			sourceTree = "<group>";
		};
		D83CA930275FA748006B4E32 /* MainCollectionViewComponents */ = {
			isa = PBXGroup;
			children = (
				D83CA939275FA886006B4E32 /* CollectionView */,
				D83CA931275FA754006B4E32 /* MainCollectionViewCell */,
				D83CA932275FA79B006B4E32 /* CollectionDisplayerViewComponents */,
				D83CA93E275FA922006B4E32 /* LoadingCell */,
			);
			path = MainCollectionViewComponents;
			sourceTree = "<group>";
		};
		D83CA931275FA754006B4E32 /* MainCollectionViewCell */ = {
			isa = PBXGroup;
			children = (
				D83CA937275FA85F006B4E32 /* MainCollectionViewCell.swift */,
			);
			path = MainCollectionViewCell;
			sourceTree = "<group>";
		};
		D83CA932275FA79B006B4E32 /* CollectionDisplayerViewComponents */ = {
			isa = PBXGroup;
			children = (
				D83CA933275FA7BA006B4E32 /* CollectionDisplayerView.swift */,
				D83CA935275FA7CD006B4E32 /* CollectionDisplayerViewData.swift */,
			);
			path = CollectionDisplayerViewComponents;
			sourceTree = "<group>";
		};
		D83CA939275FA886006B4E32 /* CollectionView */ = {
			isa = PBXGroup;
			children = (
				D83CA93C275FA8B4006B4E32 /* MainCollectionView.swift */,
				D83CA93A275FA894006B4E32 /* MainCollectionViewData.swift */,
			);
			path = CollectionView;
			sourceTree = "<group>";
		};
		D83CA93E275FA922006B4E32 /* LoadingCell */ = {
			isa = PBXGroup;
			children = (
				D83CA93F275FA92F006B4E32 /* LoadingCell.swift */,
			);
			path = LoadingCell;
			sourceTree = "<group>";
		};
		D83CA941275FA97B006B4E32 /* DataProviderProtocol */ = {
			isa = PBXGroup;
			children = (
				D83CA942275FA994006B4E32 /* DataProviderProtocol.swift */,
			);
			path = DataProviderProtocol;
			sourceTree = "<group>";
		};
		D83CA944275FA9AF006B4E32 /* Extensions */ = {
			isa = PBXGroup;
			children = (
				D83CA945275FA9B9006B4E32 /* UIView+Extension.swift */,
			);
			path = Extensions;
			sourceTree = "<group>";
		};
		D83CA947275FA9EE006B4E32 /* Managers */ = {
			isa = PBXGroup;
			children = (
				D83CA948275FA9F7006B4E32 /* ImageCacheManager.swift */,
			);
			path = Managers;
			sourceTree = "<group>";
		};
		D83CA94C275FAC59006B4E32 /* PaginationInfoModel */ = {
			isa = PBXGroup;
			children = (
				D83CA94D275FAC68006B4E32 /* PaginationInfo.swift */,
			);
			path = PaginationInfoModel;
			sourceTree = "<group>";
		};
		D83CA9602762A23F006B4E32 /* Detail */ = {
			isa = PBXGroup;
			children = (
				D83CA9622762A23F006B4E32 /* DetailViewController.swift */,
				D83CA9632762A23F006B4E32 /* DetailViewModel.swift */,
				D83CA9612762A23F006B4E32 /* DetailViewBuilder.swift */,
				D83CA97C2762B441006B4E32 /* DetailViewDataFormatterProtocol.swift */,
				D83CA9742762A5E0006B4E32 /* DetailViewDataFormatter.swift */,
			);
			path = Detail;
			sourceTree = "<group>";
		};
		D83CA9672762A2A5006B4E32 /* DetailViewComponents */ = {
			isa = PBXGroup;
			children = (
				D83CA96A2762A2D7006B4E32 /* DetailView */,
			);
			path = DetailViewComponents;
			sourceTree = "<group>";
		};
		D83CA96A2762A2D7006B4E32 /* DetailView */ = {
			isa = PBXGroup;
			children = (
				D83CA96F2762A317006B4E32 /* DetailView.swift */,
				D83CA9712762A31C006B4E32 /* DetailViewData.swift */,
			);
			path = DetailView;
			sourceTree = "<group>";
		};
/* End PBXGroup section */

/* Begin PBXNativeTarget section */
		D83CA8D1275F986B006B4E32 /* CitiesDB */ = {
			isa = PBXNativeTarget;
			buildConfigurationList = D83CA8FF275F986E006B4E32 /* Build configuration list for PBXNativeTarget "CitiesDB" */;
			buildPhases = (
				D83CA8CE275F986B006B4E32 /* Sources */,
				D83CA8CF275F986B006B4E32 /* Frameworks */,
				D83CA8D0275F986B006B4E32 /* Resources */,
			);
			buildRules = (
			);
			dependencies = (
			);
			name = CitiesDB;
			packageProductDependencies = (
				D83CA912275F9B50006B4E32 /* BaseComponents */,
				D83CA915275F9B62006B4E32 /* DefaultNetworkOperationPackage */,
			);
			productName = CitiesDB;
			productReference = D83CA8D2275F986B006B4E32 /* CitiesDB.app */;
			productType = "com.apple.product-type.application";
		};
		D83CA8EA275F986E006B4E32 /* CitiesDBTests */ = {
			isa = PBXNativeTarget;
			buildConfigurationList = D83CA902275F986E006B4E32 /* Build configuration list for PBXNativeTarget "CitiesDBTests" */;
			buildPhases = (
				D83CA8E7275F986E006B4E32 /* Sources */,
				D83CA8E8275F986E006B4E32 /* Frameworks */,
				D83CA8E9275F986E006B4E32 /* Resources */,
			);
			buildRules = (
			);
			dependencies = (
				D83CA8ED275F986E006B4E32 /* PBXTargetDependency */,
			);
			name = CitiesDBTests;
			productName = CitiesDBTests;
			productReference = D83CA8EB275F986E006B4E32 /* CitiesDBTests.xctest */;
			productType = "com.apple.product-type.bundle.unit-test";
		};
		D83CA8F5275F986E006B4E32 /* CitiesDBUITests */ = {
			isa = PBXNativeTarget;
			buildConfigurationList = D83CA905275F986E006B4E32 /* Build configuration list for PBXNativeTarget "CitiesDBUITests" */;
			buildPhases = (
				D83CA8F2275F986E006B4E32 /* Sources */,
				D83CA8F3275F986E006B4E32 /* Frameworks */,
				D83CA8F4275F986E006B4E32 /* Resources */,
			);
			buildRules = (
			);
			dependencies = (
				D83CA8F8275F986E006B4E32 /* PBXTargetDependency */,
			);
			name = CitiesDBUITests;
			productName = CitiesDBUITests;
			productReference = D83CA8F6275F986E006B4E32 /* CitiesDBUITests.xctest */;
			productType = "com.apple.product-type.bundle.ui-testing";
		};
/* End PBXNativeTarget section */

/* Begin PBXProject section */
		D83CA8CA275F986B006B4E32 /* Project object */ = {
			isa = PBXProject;
			attributes = {
				LastSwiftUpdateCheck = 1250;
				LastUpgradeCheck = 1250;
				TargetAttributes = {
					D83CA8D1275F986B006B4E32 = {
						CreatedOnToolsVersion = 12.5.1;
					};
					D83CA8EA275F986E006B4E32 = {
						CreatedOnToolsVersion = 12.5.1;
						TestTargetID = D83CA8D1275F986B006B4E32;
					};
					D83CA8F5275F986E006B4E32 = {
						CreatedOnToolsVersion = 12.5.1;
						TestTargetID = D83CA8D1275F986B006B4E32;
					};
				};
			};
			buildConfigurationList = D83CA8CD275F986B006B4E32 /* Build configuration list for PBXProject "CitiesDB" */;
			compatibilityVersion = "Xcode 9.3";
			developmentRegion = en;
			hasScannedForEncodings = 0;
			knownRegions = (
				en,
				Base,
			);
			mainGroup = D83CA8C9275F986B006B4E32;
			packageReferences = (
				D83CA911275F9B50006B4E32 /* XCRemoteSwiftPackageReference "BaseComponents" */,
				D83CA914275F9B62006B4E32 /* XCRemoteSwiftPackageReference "DefaultNetworkOperationPackage" */,
			);
			productRefGroup = D83CA8D3275F986B006B4E32 /* Products */;
			projectDirPath = "";
			projectRoot = "";
			targets = (
				D83CA8D1275F986B006B4E32 /* CitiesDB */,
				D83CA8EA275F986E006B4E32 /* CitiesDBTests */,
				D83CA8F5275F986E006B4E32 /* CitiesDBUITests */,
			);
		};
/* End PBXProject section */

/* Begin PBXResourcesBuildPhase section */
		D83CA8D0275F986B006B4E32 /* Resources */ = {
			isa = PBXResourcesBuildPhase;
			buildActionMask = 2147483647;
			files = (
				D83CA8E5275F986D006B4E32 /* LaunchScreen.storyboard in Resources */,
				D83CA8E2275F986D006B4E32 /* Assets.xcassets in Resources */,
			);
			runOnlyForDeploymentPostprocessing = 0;
		};
		D83CA8E9275F986E006B4E32 /* Resources */ = {
			isa = PBXResourcesBuildPhase;
			buildActionMask = 2147483647;
			files = (
			);
			runOnlyForDeploymentPostprocessing = 0;
		};
		D83CA8F4275F986E006B4E32 /* Resources */ = {
			isa = PBXResourcesBuildPhase;
			buildActionMask = 2147483647;
			files = (
			);
			runOnlyForDeploymentPostprocessing = 0;
		};
/* End PBXResourcesBuildPhase section */

/* Begin PBXSourcesBuildPhase section */
		D83CA8CE275F986B006B4E32 /* Sources */ = {
			isa = PBXSourcesBuildPhase;
			buildActionMask = 2147483647;
			files = (
				D83CA9652762A23F006B4E32 /* DetailViewController.swift in Sources */,
				D83CA8E0275F986B006B4E32 /* CitiesDB.xcdatamodeld in Sources */,
				D83CA92D275FA6F5006B4E32 /* CustomImageViewComponent.swift in Sources */,
				D83CA950275FAC9E006B4E32 /* HomeViewDataFormatter.swift in Sources */,
				D83CA97B2762A7E8006B4E32 /* CountryDetailServiceProvider.swift in Sources */,
				D83CA910275F9AC3006B4E32 /* HomeViewModel.swift in Sources */,
				D83CA9792762A78A006B4E32 /* CountryDetailRequest.swift in Sources */,
				D83CA938275FA85F006B4E32 /* MainCollectionViewCell.swift in Sources */,
				D83CA90E275F9AC3006B4E32 /* HomeViewBuilder.swift in Sources */,
				D83CA94E275FAC68006B4E32 /* PaginationInfo.swift in Sources */,
				D83CA9642762A23F006B4E32 /* DetailViewBuilder.swift in Sources */,
				D83CA92F275FA70F006B4E32 /* CustomImageViewComponentContainer.swift in Sources */,
				D83CA8D6275F986B006B4E32 /* AppDelegate.swift in Sources */,
				D83CA927275F9CDD006B4E32 /* EndpointManager.swift in Sources */,
				D83CA95827629C5A006B4E32 /* CountriesServiceProvider.swift in Sources */,
				D83CA943275FA994006B4E32 /* DataProviderProtocol.swift in Sources */,
				D83CA9662762A23F006B4E32 /* DetailViewModel.swift in Sources */,
				D83CA95527629235006B4E32 /* CountriesDataResponse.swift in Sources */,
				D83CA9722762A31C006B4E32 /* DetailViewData.swift in Sources */,
				D83CA91E275F9CB2006B4E32 /* CitiesDataRequestModel.swift in Sources */,
				D83CA934275FA7BA006B4E32 /* CollectionDisplayerView.swift in Sources */,
				D83CA923275F9CC3006B4E32 /* CitiesServiceProvider.swift in Sources */,
				D83CA93B275FA894006B4E32 /* MainCollectionViewData.swift in Sources */,
				D83CA94B275FAC2E006B4E32 /* HomeViewDataFormatterProtocol.swift in Sources */,
				D83CA9752762A5E0006B4E32 /* DetailViewDataFormatter.swift in Sources */,
				D83CA92B275FA6DC006B4E32 /* CustomImageViewComponentData.swift in Sources */,
				D83CA9772762A745006B4E32 /* CountryDetailResponse.swift in Sources */,
				D83CA920275F9CB6006B4E32 /* CitiesDataResponse.swift in Sources */,
				D83CA97D2762B441006B4E32 /* DetailViewDataFormatterProtocol.swift in Sources */,
				D83CA953276290EB006B4E32 /* CountriesRequestModel.swift in Sources */,
				D83CA946275FA9B9006B4E32 /* UIView+Extension.swift in Sources */,
				D83CA9702762A317006B4E32 /* DetailView.swift in Sources */,
				D83CA8D8275F986B006B4E32 /* SceneDelegate.swift in Sources */,
				D83CA90F275F9AC3006B4E32 /* HomeViewController.swift in Sources */,
				D83CA936275FA7CD006B4E32 /* CollectionDisplayerViewData.swift in Sources */,
				D83CA93D275FA8B4006B4E32 /* MainCollectionView.swift in Sources */,
				D83CA949275FA9F7006B4E32 /* ImageCacheManager.swift in Sources */,
				D83CA940275FA92F006B4E32 /* LoadingCell.swift in Sources */,
			);
			runOnlyForDeploymentPostprocessing = 0;
		};
		D83CA8E7275F986E006B4E32 /* Sources */ = {
			isa = PBXSourcesBuildPhase;
			buildActionMask = 2147483647;
			files = (
				D83CA8F0275F986E006B4E32 /* CitiesDBTests.swift in Sources */,
			);
			runOnlyForDeploymentPostprocessing = 0;
		};
		D83CA8F2275F986E006B4E32 /* Sources */ = {
			isa = PBXSourcesBuildPhase;
			buildActionMask = 2147483647;
			files = (
				D83CA8FB275F986E006B4E32 /* CitiesDBUITests.swift in Sources */,
			);
			runOnlyForDeploymentPostprocessing = 0;
		};
/* End PBXSourcesBuildPhase section */

/* Begin PBXTargetDependency section */
		D83CA8ED275F986E006B4E32 /* PBXTargetDependency */ = {
			isa = PBXTargetDependency;
			target = D83CA8D1275F986B006B4E32 /* CitiesDB */;
			targetProxy = D83CA8EC275F986E006B4E32 /* PBXContainerItemProxy */;
		};
		D83CA8F8275F986E006B4E32 /* PBXTargetDependency */ = {
			isa = PBXTargetDependency;
			target = D83CA8D1275F986B006B4E32 /* CitiesDB */;
			targetProxy = D83CA8F7275F986E006B4E32 /* PBXContainerItemProxy */;
		};
/* End PBXTargetDependency section */

/* Begin PBXVariantGroup section */
		D83CA8E3275F986D006B4E32 /* LaunchScreen.storyboard */ = {
			isa = PBXVariantGroup;
			children = (
				D83CA8E4275F986D006B4E32 /* Base */,
			);
			name = LaunchScreen.storyboard;
			sourceTree = "<group>";
		};
/* End PBXVariantGroup section */

/* Begin XCBuildConfiguration section */
		D83CA8FD275F986E006B4E32 /* Debug */ = {
			isa = XCBuildConfiguration;
			buildSettings = {
				ALWAYS_SEARCH_USER_PATHS = NO;
				CLANG_ANALYZER_NONNULL = YES;
				CLANG_ANALYZER_NUMBER_OBJECT_CONVERSION = YES_AGGRESSIVE;
				CLANG_CXX_LANGUAGE_STANDARD = "gnu++14";
				CLANG_CXX_LIBRARY = "libc++";
				CLANG_ENABLE_MODULES = YES;
				CLANG_ENABLE_OBJC_ARC = YES;
				CLANG_ENABLE_OBJC_WEAK = YES;
				CLANG_WARN_BLOCK_CAPTURE_AUTORELEASING = YES;
				CLANG_WARN_BOOL_CONVERSION = YES;
				CLANG_WARN_COMMA = YES;
				CLANG_WARN_CONSTANT_CONVERSION = YES;
				CLANG_WARN_DEPRECATED_OBJC_IMPLEMENTATIONS = YES;
				CLANG_WARN_DIRECT_OBJC_ISA_USAGE = YES_ERROR;
				CLANG_WARN_DOCUMENTATION_COMMENTS = YES;
				CLANG_WARN_EMPTY_BODY = YES;
				CLANG_WARN_ENUM_CONVERSION = YES;
				CLANG_WARN_INFINITE_RECURSION = YES;
				CLANG_WARN_INT_CONVERSION = YES;
				CLANG_WARN_NON_LITERAL_NULL_CONVERSION = YES;
				CLANG_WARN_OBJC_IMPLICIT_RETAIN_SELF = YES;
				CLANG_WARN_OBJC_LITERAL_CONVERSION = YES;
				CLANG_WARN_OBJC_ROOT_CLASS = YES_ERROR;
				CLANG_WARN_QUOTED_INCLUDE_IN_FRAMEWORK_HEADER = YES;
				CLANG_WARN_RANGE_LOOP_ANALYSIS = YES;
				CLANG_WARN_STRICT_PROTOTYPES = YES;
				CLANG_WARN_SUSPICIOUS_MOVE = YES;
				CLANG_WARN_UNGUARDED_AVAILABILITY = YES_AGGRESSIVE;
				CLANG_WARN_UNREACHABLE_CODE = YES;
				CLANG_WARN__DUPLICATE_METHOD_MATCH = YES;
				COPY_PHASE_STRIP = NO;
				DEBUG_INFORMATION_FORMAT = dwarf;
				ENABLE_STRICT_OBJC_MSGSEND = YES;
				ENABLE_TESTABILITY = YES;
				GCC_C_LANGUAGE_STANDARD = gnu11;
				GCC_DYNAMIC_NO_PIC = NO;
				GCC_NO_COMMON_BLOCKS = YES;
				GCC_OPTIMIZATION_LEVEL = 0;
				GCC_PREPROCESSOR_DEFINITIONS = (
					"DEBUG=1",
					"$(inherited)",
				);
				GCC_WARN_64_TO_32_BIT_CONVERSION = YES;
				GCC_WARN_ABOUT_RETURN_TYPE = YES_ERROR;
				GCC_WARN_UNDECLARED_SELECTOR = YES;
				GCC_WARN_UNINITIALIZED_AUTOS = YES_AGGRESSIVE;
				GCC_WARN_UNUSED_FUNCTION = YES;
				GCC_WARN_UNUSED_VARIABLE = YES;
				IPHONEOS_DEPLOYMENT_TARGET = 14.5;
				MTL_ENABLE_DEBUG_INFO = INCLUDE_SOURCE;
				MTL_FAST_MATH = YES;
				ONLY_ACTIVE_ARCH = YES;
				SDKROOT = iphoneos;
				SWIFT_ACTIVE_COMPILATION_CONDITIONS = DEBUG;
				SWIFT_OPTIMIZATION_LEVEL = "-Onone";
			};
			name = Debug;
		};
		D83CA8FE275F986E006B4E32 /* Release */ = {
			isa = XCBuildConfiguration;
			buildSettings = {
				ALWAYS_SEARCH_USER_PATHS = NO;
				CLANG_ANALYZER_NONNULL = YES;
				CLANG_ANALYZER_NUMBER_OBJECT_CONVERSION = YES_AGGRESSIVE;
				CLANG_CXX_LANGUAGE_STANDARD = "gnu++14";
				CLANG_CXX_LIBRARY = "libc++";
				CLANG_ENABLE_MODULES = YES;
				CLANG_ENABLE_OBJC_ARC = YES;
				CLANG_ENABLE_OBJC_WEAK = YES;
				CLANG_WARN_BLOCK_CAPTURE_AUTORELEASING = YES;
				CLANG_WARN_BOOL_CONVERSION = YES;
				CLANG_WARN_COMMA = YES;
				CLANG_WARN_CONSTANT_CONVERSION = YES;
				CLANG_WARN_DEPRECATED_OBJC_IMPLEMENTATIONS = YES;
				CLANG_WARN_DIRECT_OBJC_ISA_USAGE = YES_ERROR;
				CLANG_WARN_DOCUMENTATION_COMMENTS = YES;
				CLANG_WARN_EMPTY_BODY = YES;
				CLANG_WARN_ENUM_CONVERSION = YES;
				CLANG_WARN_INFINITE_RECURSION = YES;
				CLANG_WARN_INT_CONVERSION = YES;
				CLANG_WARN_NON_LITERAL_NULL_CONVERSION = YES;
				CLANG_WARN_OBJC_IMPLICIT_RETAIN_SELF = YES;
				CLANG_WARN_OBJC_LITERAL_CONVERSION = YES;
				CLANG_WARN_OBJC_ROOT_CLASS = YES_ERROR;
				CLANG_WARN_QUOTED_INCLUDE_IN_FRAMEWORK_HEADER = YES;
				CLANG_WARN_RANGE_LOOP_ANALYSIS = YES;
				CLANG_WARN_STRICT_PROTOTYPES = YES;
				CLANG_WARN_SUSPICIOUS_MOVE = YES;
				CLANG_WARN_UNGUARDED_AVAILABILITY = YES_AGGRESSIVE;
				CLANG_WARN_UNREACHABLE_CODE = YES;
				CLANG_WARN__DUPLICATE_METHOD_MATCH = YES;
				COPY_PHASE_STRIP = NO;
				DEBUG_INFORMATION_FORMAT = "dwarf-with-dsym";
				ENABLE_NS_ASSERTIONS = NO;
				ENABLE_STRICT_OBJC_MSGSEND = YES;
				GCC_C_LANGUAGE_STANDARD = gnu11;
				GCC_NO_COMMON_BLOCKS = YES;
				GCC_WARN_64_TO_32_BIT_CONVERSION = YES;
				GCC_WARN_ABOUT_RETURN_TYPE = YES_ERROR;
				GCC_WARN_UNDECLARED_SELECTOR = YES;
				GCC_WARN_UNINITIALIZED_AUTOS = YES_AGGRESSIVE;
				GCC_WARN_UNUSED_FUNCTION = YES;
				GCC_WARN_UNUSED_VARIABLE = YES;
				IPHONEOS_DEPLOYMENT_TARGET = 14.5;
				MTL_ENABLE_DEBUG_INFO = NO;
				MTL_FAST_MATH = YES;
				SDKROOT = iphoneos;
				SWIFT_COMPILATION_MODE = wholemodule;
				SWIFT_OPTIMIZATION_LEVEL = "-O";
				VALIDATE_PRODUCT = YES;
			};
			name = Release;
		};
		D83CA900275F986E006B4E32 /* Debug */ = {
			isa = XCBuildConfiguration;
			buildSettings = {
				ASSETCATALOG_COMPILER_APPICON_NAME = AppIcon;
				ASSETCATALOG_COMPILER_GLOBAL_ACCENT_COLOR_NAME = AccentColor;
				CODE_SIGN_STYLE = Automatic;
				DEVELOPMENT_TEAM = 7LSPRM5R8H;
				INFOPLIST_FILE = CitiesDB/Info.plist;
				LD_RUNPATH_SEARCH_PATHS = (
					"$(inherited)",
					"@executable_path/Frameworks",
				);
				PRODUCT_BUNDLE_IDENTIFIER = com.dogukaan.CitiesDB;
				PRODUCT_NAME = "$(TARGET_NAME)";
				SWIFT_VERSION = 5.0;
				TARGETED_DEVICE_FAMILY = "1,2";
			};
			name = Debug;
		};
		D83CA901275F986E006B4E32 /* Release */ = {
			isa = XCBuildConfiguration;
			buildSettings = {
				ASSETCATALOG_COMPILER_APPICON_NAME = AppIcon;
				ASSETCATALOG_COMPILER_GLOBAL_ACCENT_COLOR_NAME = AccentColor;
				CODE_SIGN_STYLE = Automatic;
				DEVELOPMENT_TEAM = 7LSPRM5R8H;
				INFOPLIST_FILE = CitiesDB/Info.plist;
				LD_RUNPATH_SEARCH_PATHS = (
					"$(inherited)",
					"@executable_path/Frameworks",
				);
				PRODUCT_BUNDLE_IDENTIFIER = com.dogukaan.CitiesDB;
				PRODUCT_NAME = "$(TARGET_NAME)";
				SWIFT_VERSION = 5.0;
				TARGETED_DEVICE_FAMILY = "1,2";
			};
			name = Release;
		};
		D83CA903275F986E006B4E32 /* Debug */ = {
			isa = XCBuildConfiguration;
			buildSettings = {
				ALWAYS_EMBED_SWIFT_STANDARD_LIBRARIES = YES;
				BUNDLE_LOADER = "$(TEST_HOST)";
				CODE_SIGN_STYLE = Automatic;
				DEVELOPMENT_TEAM = 7LSPRM5R8H;
				INFOPLIST_FILE = CitiesDBTests/Info.plist;
				IPHONEOS_DEPLOYMENT_TARGET = 14.5;
				LD_RUNPATH_SEARCH_PATHS = (
					"$(inherited)",
					"@executable_path/Frameworks",
					"@loader_path/Frameworks",
				);
				PRODUCT_BUNDLE_IDENTIFIER = com.dogukaan.CitiesDBTests;
				PRODUCT_NAME = "$(TARGET_NAME)";
				SWIFT_VERSION = 5.0;
				TARGETED_DEVICE_FAMILY = "1,2";
				TEST_HOST = "$(BUILT_PRODUCTS_DIR)/CitiesDB.app/CitiesDB";
			};
			name = Debug;
		};
		D83CA904275F986E006B4E32 /* Release */ = {
			isa = XCBuildConfiguration;
			buildSettings = {
				ALWAYS_EMBED_SWIFT_STANDARD_LIBRARIES = YES;
				BUNDLE_LOADER = "$(TEST_HOST)";
				CODE_SIGN_STYLE = Automatic;
				DEVELOPMENT_TEAM = 7LSPRM5R8H;
				INFOPLIST_FILE = CitiesDBTests/Info.plist;
				IPHONEOS_DEPLOYMENT_TARGET = 14.5;
				LD_RUNPATH_SEARCH_PATHS = (
					"$(inherited)",
					"@executable_path/Frameworks",
					"@loader_path/Frameworks",
				);
				PRODUCT_BUNDLE_IDENTIFIER = com.dogukaan.CitiesDBTests;
				PRODUCT_NAME = "$(TARGET_NAME)";
				SWIFT_VERSION = 5.0;
				TARGETED_DEVICE_FAMILY = "1,2";
				TEST_HOST = "$(BUILT_PRODUCTS_DIR)/CitiesDB.app/CitiesDB";
			};
			name = Release;
		};
		D83CA906275F986E006B4E32 /* Debug */ = {
			isa = XCBuildConfiguration;
			buildSettings = {
				ALWAYS_EMBED_SWIFT_STANDARD_LIBRARIES = YES;
				CODE_SIGN_STYLE = Automatic;
				DEVELOPMENT_TEAM = 7LSPRM5R8H;
				INFOPLIST_FILE = CitiesDBUITests/Info.plist;
				LD_RUNPATH_SEARCH_PATHS = (
					"$(inherited)",
					"@executable_path/Frameworks",
					"@loader_path/Frameworks",
				);
				PRODUCT_BUNDLE_IDENTIFIER = com.dogukaan.CitiesDBUITests;
				PRODUCT_NAME = "$(TARGET_NAME)";
				SWIFT_VERSION = 5.0;
				TARGETED_DEVICE_FAMILY = "1,2";
				TEST_TARGET_NAME = CitiesDB;
			};
			name = Debug;
		};
		D83CA907275F986E006B4E32 /* Release */ = {
			isa = XCBuildConfiguration;
			buildSettings = {
				ALWAYS_EMBED_SWIFT_STANDARD_LIBRARIES = YES;
				CODE_SIGN_STYLE = Automatic;
				DEVELOPMENT_TEAM = 7LSPRM5R8H;
				INFOPLIST_FILE = CitiesDBUITests/Info.plist;
				LD_RUNPATH_SEARCH_PATHS = (
					"$(inherited)",
					"@executable_path/Frameworks",
					"@loader_path/Frameworks",
				);
				PRODUCT_BUNDLE_IDENTIFIER = com.dogukaan.CitiesDBUITests;
				PRODUCT_NAME = "$(TARGET_NAME)";
				SWIFT_VERSION = 5.0;
				TARGETED_DEVICE_FAMILY = "1,2";
				TEST_TARGET_NAME = CitiesDB;
			};
			name = Release;
		};
/* End XCBuildConfiguration section */

/* Begin XCConfigurationList section */
		D83CA8CD275F986B006B4E32 /* Build configuration list for PBXProject "CitiesDB" */ = {
			isa = XCConfigurationList;
			buildConfigurations = (
				D83CA8FD275F986E006B4E32 /* Debug */,
				D83CA8FE275F986E006B4E32 /* Release */,
			);
			defaultConfigurationIsVisible = 0;
			defaultConfigurationName = Release;
		};
		D83CA8FF275F986E006B4E32 /* Build configuration list for PBXNativeTarget "CitiesDB" */ = {
			isa = XCConfigurationList;
			buildConfigurations = (
				D83CA900275F986E006B4E32 /* Debug */,
				D83CA901275F986E006B4E32 /* Release */,
			);
			defaultConfigurationIsVisible = 0;
			defaultConfigurationName = Release;
		};
		D83CA902275F986E006B4E32 /* Build configuration list for PBXNativeTarget "CitiesDBTests" */ = {
			isa = XCConfigurationList;
			buildConfigurations = (
				D83CA903275F986E006B4E32 /* Debug */,
				D83CA904275F986E006B4E32 /* Release */,
			);
			defaultConfigurationIsVisible = 0;
			defaultConfigurationName = Release;
		};
		D83CA905275F986E006B4E32 /* Build configuration list for PBXNativeTarget "CitiesDBUITests" */ = {
			isa = XCConfigurationList;
			buildConfigurations = (
				D83CA906275F986E006B4E32 /* Debug */,
				D83CA907275F986E006B4E32 /* Release */,
			);
			defaultConfigurationIsVisible = 0;
			defaultConfigurationName = Release;
		};
/* End XCConfigurationList section */

/* Begin XCRemoteSwiftPackageReference section */
		D83CA911275F9B50006B4E32 /* XCRemoteSwiftPackageReference "BaseComponents" */ = {
			isa = XCRemoteSwiftPackageReference;
			repositoryURL = "https://github.com/darkbringer1/BaseComponents.git";
			requirement = {
				kind = upToNextMajorVersion;
				minimumVersion = 1.2.5;
			};
		};
		D83CA914275F9B62006B4E32 /* XCRemoteSwiftPackageReference "DefaultNetworkOperationPackage" */ = {
			isa = XCRemoteSwiftPackageReference;
			repositoryURL = "https://github.com/darkbringer1/DefaultNetworkOperationPackage.git";
			requirement = {
				kind = upToNextMajorVersion;
				minimumVersion = 1.2.1;
			};
		};
/* End XCRemoteSwiftPackageReference section */

/* Begin XCSwiftPackageProductDependency section */
		D83CA912275F9B50006B4E32 /* BaseComponents */ = {
			isa = XCSwiftPackageProductDependency;
			package = D83CA911275F9B50006B4E32 /* XCRemoteSwiftPackageReference "BaseComponents" */;
			productName = BaseComponents;
		};
		D83CA915275F9B62006B4E32 /* DefaultNetworkOperationPackage */ = {
			isa = XCSwiftPackageProductDependency;
			package = D83CA914275F9B62006B4E32 /* XCRemoteSwiftPackageReference "DefaultNetworkOperationPackage" */;
			productName = DefaultNetworkOperationPackage;
		};
/* End XCSwiftPackageProductDependency section */

/* Begin XCVersionGroup section */
		D83CA8DE275F986B006B4E32 /* CitiesDB.xcdatamodeld */ = {
			isa = XCVersionGroup;
			children = (
				D83CA8DF275F986B006B4E32 /* CitiesDB.xcdatamodel */,
			);
			currentVersion = D83CA8DF275F986B006B4E32 /* CitiesDB.xcdatamodel */;
			path = CitiesDB.xcdatamodeld;
			sourceTree = "<group>";
			versionGroupType = wrapper.xcdatamodel;
		};
/* End XCVersionGroup section */
	};
	rootObject = D83CA8CA275F986B006B4E32 /* Project object */;
}
